
Microsoft Visual Studio Solution File, Format Version 12.00
# Visual Studio Version 17
VisualStudioVersion = 17.5.002.0
MinimumVisualStudioVersion = 10.0.40219.1
Project("{9A19103F-16F7-4668-BE54-9A1E7A4F7556}") = "TestConnection", "TestConnection.csproj", "{E03131DE-18DD-4F24-9E61-2875505F1BB1}"
EndProject
Global
	GlobalSection(SolutionConfigurationPlatforms) = preSolution
		Debug|Any CPU = Debug|Any CPU
		Release|Any CPU = Release|Any CPU
	EndGlobalSection
	GlobalSection(ProjectConfigurationPlatforms) = postSolution
		{E03131DE-18DD-4F24-9E61-2875505F1BB1}.Debug|Any CPU.ActiveCfg = Debug|Any CPU
		{E03131DE-18DD-4F24-9E61-2875505F1BB1}.Debug|Any CPU.Build.0 = Debug|Any CPU
		{E03131DE-18DD-4F24-9E61-2875505F1BB1}.Release|Any CPU.ActiveCfg = Release|Any CPU
		{E03131DE-18DD-4F24-9E61-2875505F1BB1}.Release|Any CPU.Build.0 = Release|Any CPU
	EndGlobalSection
	GlobalSection(SolutionProperties) = preSolution
		HideSolutionNode = FALSE
	EndGlobalSection
	GlobalSection(ExtensibilityGlobals) = postSolution
		SolutionGuid = {AA7E59D8-2D59-4F3F-A699-FD2768801FB8}
	EndGlobalSection
EndGlobal
